
Microsoft Visual Studio Solution File, Format Version 12.00
# Visual Studio Version 16
VisualStudioVersion = 16.0.30011.22
MinimumVisualStudioVersion = 10.0.40219.1
Project("{FAE04EC0-301F-11D3-BF4B-00C04F79EFBC}") = "LINQ_Problems", "LINQ_Problems\LINQ_Problems.csproj", "{66F313F2-8930-4F3E-B87E-34049DB55BFD}"
EndProject
Global
	GlobalSection(SolutionConfigurationPlatforms) = preSolution
		Debug|Any CPU = Debug|Any CPU
		Release|Any CPU = Release|Any CPU
	EndGlobalSection
	GlobalSection(ProjectConfigurationPlatforms) = postSolution
		{66F313F2-8930-4F3E-B87E-34049DB55BFD}.Debug|Any CPU.ActiveCfg = Debug|Any CPU
		{66F313F2-8930-4F3E-B87E-34049DB55BFD}.Debug|Any CPU.Build.0 = Debug|Any CPU
		{66F313F2-8930-4F3E-B87E-34049DB55BFD}.Release|Any CPU.ActiveCfg = Release|Any CPU
		{66F313F2-8930-4F3E-B87E-34049DB55BFD}.Release|Any CPU.Build.0 = Release|Any CPU
	EndGlobalSection
	GlobalSection(SolutionProperties) = preSolution
		HideSolutionNode = FALSE
	EndGlobalSection
	GlobalSection(ExtensibilityGlobals) = postSolution
		SolutionGuid = {26BB145E-5CAC-4C82-81B8-8CACE94BDE50}
	EndGlobalSection
EndGlobal
